{
  "name": "ai-agent-repository-template",
  "lockfileVersion": 3,
  "requires": true,
  "packages": {
    "": {
      "name": "ai-agent-repository-template",
      "devDependencies": {
        "@anthropic-ai/claude-code": "^2.1.162",
        "@google/gemini-cli": "^0.41.2",
        "@openai/codex": "^0.130.0"
      }
    },
    "node_modules/@anthropic-ai/claude-code": {
      "version": "2.1.162",
      "resolved": "https://registry.npmjs.org/@anthropic-ai/claude-code/-/claude-code-2.1.162.tgz",
      "integrity": "sha512-NjkOtm3GVmkR8cIxRR7m/Aq96sSrqnlr+ysDwn+N/rXbizPO317i2DV9hr2HFfXMHfEVuPJR1RmPevNRxr9Mbw==",
      "dev": true,
      "hasInstallScript": true,
      "license": "SEE LICENSE IN README.md",
      "bin": {
        "claude": "bin/claude.exe"
      },
      "engines": {
        "node": ">=18.0.0"
      },
      "optionalDependencies": {
        "@anthropic-ai/claude-code-darwin-arm64": "2.1.162",
        "@anthropic-ai/claude-code-darwin-x64": "2.1.162",
        "@anthropic-ai/claude-code-linux-arm64": "2.1.162",
        "@anthropic-ai/claude-code-linux-arm64-musl": "2.1.162",
        "@anthropic-ai/claude-code-linux-x64": "2.1.162",
        "@anthropic-ai/claude-code-linux-x64-musl": "2.1.162",
        "@anthropic-ai/claude-code-win32-arm64": "2.1.162",
        "@anthropic-ai/claude-code-win32-x64": "2.1.162"
      }
    },
    "node_modules/@anthropic-ai/claude-code-darwin-arm64": {
      "version": "2.1.162",
      "resolved": "https://registry.npmjs.org/@anthropic-ai/claude-code-darwin-arm64/-/claude-code-darwin-arm64-2.1.162.tgz",
      "integrity": "sha512-+TIQroIsxSA3+dgYmnXOPbYzuxENYgpb8/n9UCr0Q/JbMV+STDR+Dp/sLPiqazsb3IoplXWYePkNgm7h4PzYog==",
      "cpu": [
        "arm64"
      ],
      "dev": true,
      "license": "SEE LICENSE IN LICENSE.md",
      "optional": true,
      "os": [
        "darwin"
      ]
    },
    "node_modules/@anthropic-ai/claude-code-darwin-x64": {
      "version": "2.1.162",
      "resolved": "https://registry.npmjs.org/@anthropic-ai/claude-code-darwin-x64/-/claude-code-darwin-x64-2.1.162.tgz",
      "integrity": "sha512-eMWaeQDDMYsUfMIlLQgprepgjU0ziqMyH2cgmKtk5EQxm2lNVDYEurSLCDy57RdyCDUQmrUONC358ezZ8M+tuw==",
      "cpu": [
        "x64"
      ],
      "dev": true,
      "license": "SEE LICENSE IN LICENSE.md",
      "optional": true,
      "os": [
        "darwin"
      ]
    },
    "node_modules/@anthropic-ai/claude-code-linux-arm64": {
      "version": "2.1.162",
      "resolved": "https://registry.npmjs.org/@anthropic-ai/claude-code-linux-arm64/-/claude-code-linux-arm64-2.1.162.tgz",
      "integrity": "sha512-IQ+0ik+vMPMdI+Q/ugxLp989I8ADXrnBHBv28dwgr1UnjUX5777Wmt55JtKDkZ0Ed0fAWEK7eh2nd1iWP9R9tw==",
      "cpu": [
        "arm64"
      ],
      "dev": true,
      "license": "SEE LICENSE IN LICENSE.md",
      "optional": true,
      "os": [
        "linux"
      ]
    },
    "node_modules/@anthropic-ai/claude-code-linux-arm64-musl": {
      "version": "2.1.162",
      "resolved": "https://registry.npmjs.org/@anthropic-ai/claude-code-linux-arm64-musl/-/claude-code-linux-arm64-musl-2.1.162.tgz",
      "integrity": "sha512-Ii301T8IFroQV0/7DsvLsJW/pBulWUOAFMPgMq6+c7FrE41Kpm2divE1Qzi8/uzTaiwYYQKYzVIBAqXlFMaLFQ==",
      "cpu": [
        "arm64"
      ],
      "dev": true,
      "license": "SEE LICENSE IN LICENSE.md",
      "optional": true,
      "os": [
        "linux"
      ]
    },
    "node_modules/@anthropic-ai/claude-code-linux-x64": {
      "version": "2.1.162",
      "resolved": "https://registry.npmjs.org/@anthropic-ai/claude-code-linux-x64/-/claude-code-linux-x64-2.1.162.tgz",
      "integrity": "sha512-PzIqBYYsRlzJvkL76TjXaDA7PlZf5UxCuBik6dOuX1D1ASUKIzuBevwZi632I21zweucM4hkllHmvbWI7HhWng==",
      "cpu": [
        "x64"
      ],
      "dev": true,
      "license": "SEE LICENSE IN LICENSE.md",
      "optional": true,
      "os": [
        "linux"
      ]
    },
    "node_modules/@anthropic-ai/claude-code-linux-x64-musl": {
      "version": "2.1.162",
      "resolved": "https://registry.npmjs.org/@anthropic-ai/claude-code-linux-x64-musl/-/claude-code-linux-x64-musl-2.1.162.tgz",
      "integrity": "sha512-IXfZmA0aZf/qt6dmfaEVzA3iFu29iLXNJuHJKGtuZHlr+exfbGm9LfjKTEvmlNyvKkxn4LcTM95+/so5o98I0g==",
      "cpu": [
        "x64"
      ],
      "dev": true,
      "license": "SEE LICENSE IN LICENSE.md",
      "optional": true,
      "os": [
        "linux"
      ]
    },
    "node_modules/@anthropic-ai/claude-code-win32-arm64": {
      "version": "2.1.162",
      "resolved": "https://registry.npmjs.org/@anthropic-ai/claude-code-win32-arm64/-/claude-code-win32-arm64-2.1.162.tgz",
      "integrity": "sha512-vNh/cs5YEv60eX81x+fMoPdf30LWFu1fvQJHq9FqYqL6ypvxGLgF5mEukzau/93naWdimuTSVr4h1kCs9PHVUQ==",
      "cpu": [
        "arm64"
      ],
      "dev": true,
      "license": "SEE LICENSE IN LICENSE.md",
      "optional": true,
      "os": [
        "win32"
      ]
    },
    "node_modules/@anthropic-ai/claude-code-win32-x64": {
      "version": "2.1.162",
      "resolved": "https://registry.npmjs.org/@anthropic-ai/claude-code-win32-x64/-/claude-code-win32-x64-2.1.162.tgz",
      "integrity": "sha512-pdo+M9VGEWLuDfZy/Trioev0/j24F7vH1SGzcmokdobck4jPRdx+3iIdRoUvJUPHjDbun62UtI9/NtggU6wq6A==",
      "cpu": [
        "x64"
      ],
      "dev": true,
      "license": "SEE LICENSE IN LICENSE.md",
      "optional": true,
      "os": [
        "win32"
      ]
    },
    "node_modules/@github/keytar": {
      "version": "7.10.6",
      "resolved": "https://registry.npmjs.org/@github/keytar/-/keytar-7.10.6.tgz",
      "integrity": "sha512-mRW6cUsSG+nj4jp5gp8e91zPySaT73r+2JM6VyMZfrEgksjPmjSMr+tPGNOK3HUHV+GUU9B1LAiiYy/wmAnIxA==",
      "dev": true,
      "hasInstallScript": true,
      "license": "MIT",
      "optional": true,
      "dependencies": {
        "node-addon-api": "^8.3.0"
      }
    },
    "node_modules/@google/gemini-cli": {
      "version": "0.41.2",
      "resolved": "https://registry.npmjs.org/@google/gemini-cli/-/gemini-cli-0.41.2.tgz",
      "integrity": "sha512-PaYfQ78Uxd3BDFnXRD+Dpc7eZWEETRSAgiFJp9GKnnGKjU145V6un+2cBRUiKyUZy68/xtze5YEb+Yt3UQ6U1A==",
      "dev": true,
      "license": "Apache-2.0",
      "bin": {
        "gemini": "bundle/gemini.js"
      },
      "engines": {
        "node": ">=20"
      },
      "optionalDependencies": {
        "@github/keytar": "^7.10.6",
        "@lydell/node-pty": "1.1.0",
        "@lydell/node-pty-darwin-arm64": "1.1.0",
        "@lydell/node-pty-darwin-x64": "1.1.0",
        "@lydell/node-pty-linux-x64": "1.1.0",
        "@lydell/node-pty-win32-arm64": "1.1.0",
        "@lydell/node-pty-win32-x64": "1.1.0",
        "node-pty": "^1.0.0"
      }
    },
    "node_modules/@lydell/node-pty": {
      "version": "1.1.0",
      "resolved": "https://registry.npmjs.org/@lydell/node-pty/-/node-pty-1.1.0.tgz",
      "integrity": "sha512-VDD8LtlMTOrPKWMXUAcB9+LTktzuunqrMwkYR1DMRBkS6LQrCt+0/Ws1o2rMml/n3guePpS7cxhHF7Nm5K4iMw==",
      "dev": true,
      "license": "MIT",
      "optional": true,
      "optionalDependencies": {
        "@lydell/node-pty-darwin-arm64": "1.1.0",
        "@lydell/node-pty-darwin-x64": "1.1.0",
        "@lydell/node-pty-linux-arm64": "1.1.0",
        "@lydell/node-pty-linux-x64": "1.1.0",
        "@lydell/node-pty-win32-arm64": "1.1.0",
        "@lydell/node-pty-win32-x64": "1.1.0"
      }
    },
    "node_modules/@lydell/node-pty-darwin-arm64": {
      "version": "1.1.0",
      "resolved": "https://registry.npmjs.org/@lydell/node-pty-darwin-arm64/-/node-pty-darwin-arm64-1.1.0.tgz",
      "integrity": "sha512-7kFD+owAA61qmhJCtoMbqj3Uvff3YHDiU+4on5F2vQdcMI3MuwGi7dM6MkFG/yuzpw8LF2xULpL71tOPUfxs0w==",
      "cpu": [
        "arm64"
      ],
      "dev": true,
      "license": "MIT",
      "optional": true,
      "os": [
        "darwin"
      ]
    },
    "node_modules/@lydell/node-pty-darwin-x64": {
      "version": "1.1.0",
      "resolved": "https://registry.npmjs.org/@lydell/node-pty-darwin-x64/-/node-pty-darwin-x64-1.1.0.tgz",
      "integrity": "sha512-XZdvqj5FjAMjH8bdp0YfaZjur5DrCIDD1VYiE9EkkYVMDQqRUPHYV3U8BVEQVT9hYfjmpr7dNaELF2KyISWSNA==",
      "cpu": [
        "x64"
      ],
      "dev": true,
      "license": "MIT",
      "optional": true,
      "os": [
        "darwin"
      ]
    },
    "node_modules/@lydell/node-pty-linux-arm64": {
      "version": "1.1.0",
      "resolved": "https://registry.npmjs.org/@lydell/node-pty-linux-arm64/-/node-pty-linux-arm64-1.1.0.tgz",
      "integrity": "sha512-yyDBmalCfHpLiQMT2zyLcqL2Fay4Xy7rIs8GH4dqKLnEviMvPGOK7LADVkKAsbsyXBSISL3Lt1m1MtxhPH6ckg==",
      "cpu": [
        "arm64"
      ],
      "dev": true,
      "license": "MIT",
      "optional": true,
      "os": [
        "linux"
      ]
    },
    "node_modules/@lydell/node-pty-linux-x64": {
      "version": "1.1.0",
      "resolved": "https://registry.npmjs.org/@lydell/node-pty-linux-x64/-/node-pty-linux-x64-1.1.0.tgz",
      "integrity": "sha512-NcNqRTD14QT+vXcEuqSSvmWY+0+WUBn2uRE8EN0zKtDpIEr9d+YiFj16Uqds6QfcLCHfZmC+Ls7YzwTaqDnanA==",
      "cpu": [
        "x64"
      ],
      "dev": true,
      "license": "MIT",
      "optional": true,
      "os": [
        "linux"
      ]
    },
    "node_modules/@lydell/node-pty-win32-arm64": {
      "version": "1.1.0",
      "resolved": "https://registry.npmjs.org/@lydell/node-pty-win32-arm64/-/node-pty-win32-arm64-1.1.0.tgz",
      "integrity": "sha512-JOMbCou+0fA7d/m97faIIfIU0jOv8sn2OR7tI45u3AmldKoKoLP8zHY6SAvDDnI3fccO1R2HeR1doVjpS7HM0w==",
      "cpu": [
        "arm64"
      ],
      "dev": true,
      "license": "MIT",
      "optional": true,
      "os": [
        "win32"
      ]
    },
    "node_modules/@lydell/node-pty-win32-x64": {
      "version": "1.1.0",
      "resolved": "https://registry.npmjs.org/@lydell/node-pty-win32-x64/-/node-pty-win32-x64-1.1.0.tgz",
      "integrity": "sha512-3N56BZ+WDFnUMYRtsrr7Ky2mhWGl9xXcyqR6cexfuCqcz9RNWL+KoXRv/nZylY5dYaXkft4JaR1uVu+roiZDAw==",
      "cpu": [
        "x64"
      ],
      "dev": true,
      "license": "MIT",
      "optional": true,
      "os": [
        "win32"
      ]
    },
    "node_modules/@openai/codex": {
      "version": "0.130.0",
      "resolved": "https://registry.npmjs.org/@openai/codex/-/codex-0.130.0.tgz",
      "integrity": "sha512-WGDj+RZ3TXWC/7MlwprgLWOqzpwatPIINPhP3IRzHA0ni+o3QZ4i4xrS2uWwGmHUJ395J5JHwoZAAZYyfJyz6w==",
      "dev": true,
      "license": "Apache-2.0",
      "bin": {
        "codex": "bin/codex.js"
      },
      "engines": {
        "node": ">=16"
      },
      "optionalDependencies": {
        "@openai/codex-darwin-arm64": "npm:@openai/codex@0.130.0-darwin-arm64",
        "@openai/codex-darwin-x64": "npm:@openai/codex@0.130.0-darwin-x64",
        "@openai/codex-linux-arm64": "npm:@openai/codex@0.130.0-linux-arm64",
        "@openai/codex-linux-x64": "npm:@openai/codex@0.130.0-linux-x64",
        "@openai/codex-win32-arm64": "npm:@openai/codex@0.130.0-win32-arm64",
        "@openai/codex-win32-x64": "npm:@openai/codex@0.130.0-win32-x64"
      }
    },
    "node_modules/@openai/codex-darwin-arm64": {
      "name": "@openai/codex",
      "version": "0.130.0-darwin-arm64",
      "resolved": "https://registry.npmjs.org/@openai/codex/-/codex-0.130.0-darwin-arm64.tgz",
      "integrity": "sha512-R9pkGC7kwC8yQ8el5hvBlmugQlcsG/pHMEFgZluu03X9fD2TezGxdq3KqRDRCZuMYl07ILamVEoqknuJ0cq7MA==",
      "cpu": [
        "arm64"
      ],
      "dev": true,
      "license": "Apache-2.0",
      "optional": true,
      "os": [
        "darwin"
      ],
      "engines": {
        "node": ">=16"
      }
    },
    "node_modules/@openai/codex-darwin-x64": {
      "name": "@openai/codex",
      "version": "0.130.0-darwin-x64",
      "resolved": "https://registry.npmjs.org/@openai/codex/-/codex-0.130.0-darwin-x64.tgz",
      "integrity": "sha512-gJ+7J8djevgtdra+NgDAiQQPW+O3KTsgGfE3E5dpDfww3zS5OCeV0V2dhxqnJdlOjOSDw99o0P2LqBv19mhpRw==",
      "cpu": [
        "x64"
      ],
      "dev": true,
      "license": "Apache-2.0",
      "optional": true,
      "os": [
        "darwin"
      ],
      "engines": {
        "node": ">=16"
      }
    },
    "node_modules/@openai/codex-linux-arm64": {
      "name": "@openai/codex",
      "version": "0.130.0-linux-arm64",
      "resolved": "https://registry.npmjs.org/@openai/codex/-/codex-0.130.0-linux-arm64.tgz",
      "integrity": "sha512-tFtH0V9/hEI3d9y7zP92BXI9FM4Z3+STNQaOR52Czv18TRtCFUp7CbIUYaToopuq6UBfnE1VKr8RLhwT5FcbmA==",
      "cpu": [
        "arm64"
      ],
      "dev": true,
      "license": "Apache-2.0",
      "optional": true,
      "os": [
        "linux"
      ],
      "engines": {
        "node": ">=16"
      }
    },
    "node_modules/@openai/codex-linux-x64": {
      "name": "@openai/codex",
      "version": "0.130.0-linux-x64",
      "resolved": "https://registry.npmjs.org/@openai/codex/-/codex-0.130.0-linux-x64.tgz",
      "integrity": "sha512-3VcNlez99xdnEf+kB1IOpWv9fICYV9PiGj4sLCO4TCcShLnyxe+YBGa3poknkvXLnMG0qiN9SMnYS2FGrMxQcA==",
      "cpu": [
        "x64"
      ],
      "dev": true,
      "license": "Apache-2.0",
      "optional": true,
      "os": [
        "linux"
      ],
      "engines": {
        "node": ">=16"
      }
    },
    "node_modules/@openai/codex-win32-arm64": {
      "name": "@openai/codex",
      "version": "0.130.0-win32-arm64",
      "resolved": "https://registry.npmjs.org/@openai/codex/-/codex-0.130.0-win32-arm64.tgz",
      "integrity": "sha512-vdpmiNp57L/arZabltLXn8TyEtNa7W1meOEkr+3R6W/8ZyBt++wuqz1Orv134OT2grrcFJsIVCAIPiqUxCvBkA==",
      "cpu": [
        "arm64"
      ],
      "dev": true,
      "license": "Apache-2.0",
      "optional": true,
      "os": [
        "win32"
      ],
      "engines": {
        "node": ">=16"
      }
    },
    "node_modules/@openai/codex-win32-x64": {
      "name": "@openai/codex",
      "version": "0.130.0-win32-x64",
      "resolved": "https://registry.npmjs.org/@openai/codex/-/codex-0.130.0-win32-x64.tgz",
      "integrity": "sha512-FzMznm7fr5/nbjZgOujZ9Y9AbdGm7ji1FOoWiY3U+srqauvZaTgn6o6aCheSL7kuymu7nTLOO/cAyWV6NuesqQ==",
      "cpu": [
        "x64"
      ],
      "dev": true,
      "license": "Apache-2.0",
      "optional": true,
      "os": [
        "win32"
      ],
      "engines": {
        "node": ">=16"
      }
    },
    "node_modules/node-addon-api": {
      "version": "8.7.0",
      "resolved": "https://registry.npmjs.org/node-addon-api/-/node-addon-api-8.7.0.tgz",
      "integrity": "sha512-9MdFxmkKaOYVTV+XVRG8ArDwwQ77XIgIPyKASB1k3JPq3M8fGQQQE3YpMOrKm6g//Ktx8ivZr8xo1Qmtqub+GA==",
      "dev": true,
      "license": "MIT",
      "optional": true,
      "engines": {
        "node": "^18 || ^20 || >= 21"
      }
    },
    "node_modules/node-pty": {
      "version": "1.1.0",
      "resolved": "https://registry.npmjs.org/node-pty/-/node-pty-1.1.0.tgz",
      "integrity": "sha512-20JqtutY6JPXTUnL0ij1uad7Qe1baT46lyolh2sSENDd4sTzKZ4nmAFkeAARDKwmlLjPx6XKRlwRUxwjOy+lUg==",
      "dev": true,
      "hasInstallScript": true,
      "license": "MIT",
      "optional": true,
      "dependencies": {
        "node-addon-api": "^7.1.0"
      }
    },
    "node_modules/node-pty/node_modules/node-addon-api": {
      "version": "7.1.1",
      "resolved": "https://registry.npmjs.org/node-addon-api/-/node-addon-api-7.1.1.tgz",
      "integrity": "sha512-5m3bsyrjFWE1xf7nz7YXdN4udnVtXK6/Yfgn5qnahL6bCkf2yKt4k3nuTKAtT4r3IG8JNR2ncsIMdZuAzJjHQQ==",
      "dev": true,
      "license": "MIT",
      "optional": true
    }
  }
}
