{
  "name": "ai-agent-repository-template",
  "lockfileVersion": 3,
  "requires": true,
  "packages": {
    "": {
      "name": "ai-agent-repository-template",
      "devDependencies": {
        "@anthropic-ai/claude-code": "^2.1.138",
        "@google/gemini-cli": "^0.41.2",
        "@openai/codex": "^0.136.0"
      }
    },
    "node_modules/@anthropic-ai/claude-code": {
      "version": "2.1.138",
      "resolved": "https://registry.npmjs.org/@anthropic-ai/claude-code/-/claude-code-2.1.138.tgz",
      "integrity": "sha512-1W43po9BFdeoU/e+sKbLblrtOkx1bSJ+SAM4KtSNtMNN8dRFTejHLk4oBin6I66dbx0zifzxwEk6b+NeL6wu3g==",
      "dev": true,
      "hasInstallScript": true,
      "license": "SEE LICENSE IN README.md",
      "bin": {
        "claude": "bin/claude.exe"
      },
      "engines": {
        "node": ">=18.0.0"
      },
      "optionalDependencies": {
        "@anthropic-ai/claude-code-darwin-arm64": "2.1.138",
        "@anthropic-ai/claude-code-darwin-x64": "2.1.138",
        "@anthropic-ai/claude-code-linux-arm64": "2.1.138",
        "@anthropic-ai/claude-code-linux-arm64-musl": "2.1.138",
        "@anthropic-ai/claude-code-linux-x64": "2.1.138",
        "@anthropic-ai/claude-code-linux-x64-musl": "2.1.138",
        "@anthropic-ai/claude-code-win32-arm64": "2.1.138",
        "@anthropic-ai/claude-code-win32-x64": "2.1.138"
      }
    },
    "node_modules/@anthropic-ai/claude-code-darwin-arm64": {
      "version": "2.1.138",
      "resolved": "https://registry.npmjs.org/@anthropic-ai/claude-code-darwin-arm64/-/claude-code-darwin-arm64-2.1.138.tgz",
      "integrity": "sha512-xksuMMRvBPx4Zp5vyqHQqi+JkU0s/0+kdFXmoQEuJtRJSSDYaNeYEPVqvot2V3vvJOcjO+7KVr66rpcPdjRDTQ==",
      "cpu": [
        "arm64"
      ],
      "dev": true,
      "license": "SEE LICENSE IN LICENSE.md",
      "optional": true,
      "os": [
        "darwin"
      ]
    },
    "node_modules/@anthropic-ai/claude-code-darwin-x64": {
      "version": "2.1.138",
      "resolved": "https://registry.npmjs.org/@anthropic-ai/claude-code-darwin-x64/-/claude-code-darwin-x64-2.1.138.tgz",
      "integrity": "sha512-hPzS8cpFKNRWtL3iSYX5V9jsrRLouH59e6KrovnfAbstQK1xz14zIcvcxXX5rQUfYACXzcUwqU254sj/u8BjTA==",
      "cpu": [
        "x64"
      ],
      "dev": true,
      "license": "SEE LICENSE IN LICENSE.md",
      "optional": true,
      "os": [
        "darwin"
      ]
    },
    "node_modules/@anthropic-ai/claude-code-linux-arm64": {
      "version": "2.1.138",
      "resolved": "https://registry.npmjs.org/@anthropic-ai/claude-code-linux-arm64/-/claude-code-linux-arm64-2.1.138.tgz",
      "integrity": "sha512-WizGav9up41f9EfPc6hwfC8IfL1gsdLjD3P6S87mOdVV1j8WHv/kyJEH0z9ErIb8GR7SlVX2e28wSbuPYMMCKA==",
      "cpu": [
        "arm64"
      ],
      "dev": true,
      "license": "SEE LICENSE IN LICENSE.md",
      "optional": true,
      "os": [
        "linux"
      ]
    },
    "node_modules/@anthropic-ai/claude-code-linux-arm64-musl": {
      "version": "2.1.138",
      "resolved": "https://registry.npmjs.org/@anthropic-ai/claude-code-linux-arm64-musl/-/claude-code-linux-arm64-musl-2.1.138.tgz",
      "integrity": "sha512-GvFWX+35KOtrA2mkQfuCm3r/2IkPoKaokU/MeS1NhGY4zALoplQnDdcc1XjRO1Lil+17YxeIrRx+z4K6Y+7Mzw==",
      "cpu": [
        "arm64"
      ],
      "dev": true,
      "license": "SEE LICENSE IN LICENSE.md",
      "optional": true,
      "os": [
        "linux"
      ]
    },
    "node_modules/@anthropic-ai/claude-code-linux-x64": {
      "version": "2.1.138",
      "resolved": "https://registry.npmjs.org/@anthropic-ai/claude-code-linux-x64/-/claude-code-linux-x64-2.1.138.tgz",
      "integrity": "sha512-ItNAQka/Nu4Q7Qq2jTM1+sN1dk13fcAe1JoiyWPxF63PB5hxcYe8dRfC7vH+5d/aPtJ5CQBE60tHCpf7xcKPxw==",
      "cpu": [
        "x64"
      ],
      "dev": true,
      "license": "SEE LICENSE IN LICENSE.md",
      "optional": true,
      "os": [
        "linux"
      ]
    },
    "node_modules/@anthropic-ai/claude-code-linux-x64-musl": {
      "version": "2.1.138",
      "resolved": "https://registry.npmjs.org/@anthropic-ai/claude-code-linux-x64-musl/-/claude-code-linux-x64-musl-2.1.138.tgz",
      "integrity": "sha512-nOtQZcqTDGph/UVBNvzWgWnLU3GW4l+5apPEdDQPGYa8NLfdht/0FXdWuH+fxfNkow2J+no+UKDy2OZ+rAet0A==",
      "cpu": [
        "x64"
      ],
      "dev": true,
      "license": "SEE LICENSE IN LICENSE.md",
      "optional": true,
      "os": [
        "linux"
      ]
    },
    "node_modules/@anthropic-ai/claude-code-win32-arm64": {
      "version": "2.1.138",
      "resolved": "https://registry.npmjs.org/@anthropic-ai/claude-code-win32-arm64/-/claude-code-win32-arm64-2.1.138.tgz",
      "integrity": "sha512-1nj96S8Y7F0nM5ton7bU0KxTA4V6QaNOrIInbLdghqZbf0eLryBjaCrEyMn2SqTTnMox5fEHzghPwrf6TxmNiw==",
      "cpu": [
        "arm64"
      ],
      "dev": true,
      "license": "SEE LICENSE IN LICENSE.md",
      "optional": true,
      "os": [
        "win32"
      ]
    },
    "node_modules/@anthropic-ai/claude-code-win32-x64": {
      "version": "2.1.138",
      "resolved": "https://registry.npmjs.org/@anthropic-ai/claude-code-win32-x64/-/claude-code-win32-x64-2.1.138.tgz",
      "integrity": "sha512-G9CQA5k809OjnZHSkyM6d8/gumf6QG/m21gNOk4ragipG5CnN5n5hoUQJkxKxlqGDtpmtTTNfW50mtAVh4PeLQ==",
      "cpu": [
        "x64"
      ],
      "dev": true,
      "license": "SEE LICENSE IN LICENSE.md",
      "optional": true,
      "os": [
        "win32"
      ]
    },
    "node_modules/@github/keytar": {
      "version": "7.10.6",
      "resolved": "https://registry.npmjs.org/@github/keytar/-/keytar-7.10.6.tgz",
      "integrity": "sha512-mRW6cUsSG+nj4jp5gp8e91zPySaT73r+2JM6VyMZfrEgksjPmjSMr+tPGNOK3HUHV+GUU9B1LAiiYy/wmAnIxA==",
      "dev": true,
      "hasInstallScript": true,
      "license": "MIT",
      "optional": true,
      "dependencies": {
        "node-addon-api": "^8.3.0"
      }
    },
    "node_modules/@google/gemini-cli": {
      "version": "0.41.2",
      "resolved": "https://registry.npmjs.org/@google/gemini-cli/-/gemini-cli-0.41.2.tgz",
      "integrity": "sha512-PaYfQ78Uxd3BDFnXRD+Dpc7eZWEETRSAgiFJp9GKnnGKjU145V6un+2cBRUiKyUZy68/xtze5YEb+Yt3UQ6U1A==",
      "dev": true,
      "license": "Apache-2.0",
      "bin": {
        "gemini": "bundle/gemini.js"
      },
      "engines": {
        "node": ">=20"
      },
      "optionalDependencies": {
        "@github/keytar": "^7.10.6",
        "@lydell/node-pty": "1.1.0",
        "@lydell/node-pty-darwin-arm64": "1.1.0",
        "@lydell/node-pty-darwin-x64": "1.1.0",
        "@lydell/node-pty-linux-x64": "1.1.0",
        "@lydell/node-pty-win32-arm64": "1.1.0",
        "@lydell/node-pty-win32-x64": "1.1.0",
        "node-pty": "^1.0.0"
      }
    },
    "node_modules/@lydell/node-pty": {
      "version": "1.1.0",
      "resolved": "https://registry.npmjs.org/@lydell/node-pty/-/node-pty-1.1.0.tgz",
      "integrity": "sha512-VDD8LtlMTOrPKWMXUAcB9+LTktzuunqrMwkYR1DMRBkS6LQrCt+0/Ws1o2rMml/n3guePpS7cxhHF7Nm5K4iMw==",
      "dev": true,
      "license": "MIT",
      "optional": true,
      "optionalDependencies": {
        "@lydell/node-pty-darwin-arm64": "1.1.0",
        "@lydell/node-pty-darwin-x64": "1.1.0",
        "@lydell/node-pty-linux-arm64": "1.1.0",
        "@lydell/node-pty-linux-x64": "1.1.0",
        "@lydell/node-pty-win32-arm64": "1.1.0",
        "@lydell/node-pty-win32-x64": "1.1.0"
      }
    },
    "node_modules/@lydell/node-pty-darwin-arm64": {
      "version": "1.1.0",
      "resolved": "https://registry.npmjs.org/@lydell/node-pty-darwin-arm64/-/node-pty-darwin-arm64-1.1.0.tgz",
      "integrity": "sha512-7kFD+owAA61qmhJCtoMbqj3Uvff3YHDiU+4on5F2vQdcMI3MuwGi7dM6MkFG/yuzpw8LF2xULpL71tOPUfxs0w==",
      "cpu": [
        "arm64"
      ],
      "dev": true,
      "license": "MIT",
      "optional": true,
      "os": [
        "darwin"
      ]
    },
    "node_modules/@lydell/node-pty-darwin-x64": {
      "version": "1.1.0",
      "resolved": "https://registry.npmjs.org/@lydell/node-pty-darwin-x64/-/node-pty-darwin-x64-1.1.0.tgz",
      "integrity": "sha512-XZdvqj5FjAMjH8bdp0YfaZjur5DrCIDD1VYiE9EkkYVMDQqRUPHYV3U8BVEQVT9hYfjmpr7dNaELF2KyISWSNA==",
      "cpu": [
        "x64"
      ],
      "dev": true,
      "license": "MIT",
      "optional": true,
      "os": [
        "darwin"
      ]
    },
    "node_modules/@lydell/node-pty-linux-arm64": {
      "version": "1.1.0",
      "resolved": "https://registry.npmjs.org/@lydell/node-pty-linux-arm64/-/node-pty-linux-arm64-1.1.0.tgz",
      "integrity": "sha512-yyDBmalCfHpLiQMT2zyLcqL2Fay4Xy7rIs8GH4dqKLnEviMvPGOK7LADVkKAsbsyXBSISL3Lt1m1MtxhPH6ckg==",
      "cpu": [
        "arm64"
      ],
      "dev": true,
      "license": "MIT",
      "optional": true,
      "os": [
        "linux"
      ]
    },
    "node_modules/@lydell/node-pty-linux-x64": {
      "version": "1.1.0",
      "resolved": "https://registry.npmjs.org/@lydell/node-pty-linux-x64/-/node-pty-linux-x64-1.1.0.tgz",
      "integrity": "sha512-NcNqRTD14QT+vXcEuqSSvmWY+0+WUBn2uRE8EN0zKtDpIEr9d+YiFj16Uqds6QfcLCHfZmC+Ls7YzwTaqDnanA==",
      "cpu": [
        "x64"
      ],
      "dev": true,
      "license": "MIT",
      "optional": true,
      "os": [
        "linux"
      ]
    },
    "node_modules/@lydell/node-pty-win32-arm64": {
      "version": "1.1.0",
      "resolved": "https://registry.npmjs.org/@lydell/node-pty-win32-arm64/-/node-pty-win32-arm64-1.1.0.tgz",
      "integrity": "sha512-JOMbCou+0fA7d/m97faIIfIU0jOv8sn2OR7tI45u3AmldKoKoLP8zHY6SAvDDnI3fccO1R2HeR1doVjpS7HM0w==",
      "cpu": [
        "arm64"
      ],
      "dev": true,
      "license": "MIT",
      "optional": true,
      "os": [
        "win32"
      ]
    },
    "node_modules/@lydell/node-pty-win32-x64": {
      "version": "1.1.0",
      "resolved": "https://registry.npmjs.org/@lydell/node-pty-win32-x64/-/node-pty-win32-x64-1.1.0.tgz",
      "integrity": "sha512-3N56BZ+WDFnUMYRtsrr7Ky2mhWGl9xXcyqR6cexfuCqcz9RNWL+KoXRv/nZylY5dYaXkft4JaR1uVu+roiZDAw==",
      "cpu": [
        "x64"
      ],
      "dev": true,
      "license": "MIT",
      "optional": true,
      "os": [
        "win32"
      ]
    },
    "node_modules/@openai/codex": {
      "version": "0.136.0",
      "resolved": "https://registry.npmjs.org/@openai/codex/-/codex-0.136.0.tgz",
      "integrity": "sha512-yu+diXznSOt8h296/CDOf2CNi55z1raA7aZ6sejjGy1QWPqn72YkBc2ByTzZG6G+1yiUqlm2G5Hid54hm3/kaA==",
      "dev": true,
      "license": "Apache-2.0",
      "bin": {
        "codex": "bin/codex.js"
      },
      "engines": {
        "node": ">=16"
      },
      "optionalDependencies": {
        "@openai/codex-darwin-arm64": "npm:@openai/codex@0.136.0-darwin-arm64",
        "@openai/codex-darwin-x64": "npm:@openai/codex@0.136.0-darwin-x64",
        "@openai/codex-linux-arm64": "npm:@openai/codex@0.136.0-linux-arm64",
        "@openai/codex-linux-x64": "npm:@openai/codex@0.136.0-linux-x64",
        "@openai/codex-win32-arm64": "npm:@openai/codex@0.136.0-win32-arm64",
        "@openai/codex-win32-x64": "npm:@openai/codex@0.136.0-win32-x64"
      }
    },
    "node_modules/@openai/codex-darwin-arm64": {
      "name": "@openai/codex",
      "version": "0.136.0-darwin-arm64",
      "resolved": "https://registry.npmjs.org/@openai/codex/-/codex-0.136.0-darwin-arm64.tgz",
      "integrity": "sha512-9xnEohnUO9l6qtPSDbG0Y2UXX5mBZ9Lsn0VMgjtkREGfWL9TawNC1d7D1ERMSJtHTlVvieoaFyK9LHPLQCO9Vw==",
      "cpu": [
        "arm64"
      ],
      "dev": true,
      "license": "Apache-2.0",
      "optional": true,
      "os": [
        "darwin"
      ],
      "engines": {
        "node": ">=16"
      }
    },
    "node_modules/@openai/codex-darwin-x64": {
      "name": "@openai/codex",
      "version": "0.136.0-darwin-x64",
      "resolved": "https://registry.npmjs.org/@openai/codex/-/codex-0.136.0-darwin-x64.tgz",
      "integrity": "sha512-HD9YLalPg0cv+CiZSmRWOl/8sefuJlxJcAmxyzb8mSaAMchD3V+2yS6M6E1Z2I6NX1irp4Polt1fPsjGdlHYhQ==",
      "cpu": [
        "x64"
      ],
      "dev": true,
      "license": "Apache-2.0",
      "optional": true,
      "os": [
        "darwin"
      ],
      "engines": {
        "node": ">=16"
      }
    },
    "node_modules/@openai/codex-linux-arm64": {
      "name": "@openai/codex",
      "version": "0.136.0-linux-arm64",
      "resolved": "https://registry.npmjs.org/@openai/codex/-/codex-0.136.0-linux-arm64.tgz",
      "integrity": "sha512-xDxTOk5ClEX/nzlQseqEoiubjIzVZfcWKn9nmKkHOLKknz+c7n6tbmw7eY4mwt29zTAAoFoecdRnbbsPZUHJ1g==",
      "cpu": [
        "arm64"
      ],
      "dev": true,
      "license": "Apache-2.0",
      "optional": true,
      "os": [
        "linux"
      ],
      "engines": {
        "node": ">=16"
      }
    },
    "node_modules/@openai/codex-linux-x64": {
      "name": "@openai/codex",
      "version": "0.136.0-linux-x64",
      "resolved": "https://registry.npmjs.org/@openai/codex/-/codex-0.136.0-linux-x64.tgz",
      "integrity": "sha512-Q6yZHRtUWD+27B5yAiOYyPAtM0BzW0Mm23YGaXDmfNEO5BYgHuUT80VDofUpjSyo2+ShYoZQUFVQAsNPKqd+Sw==",
      "cpu": [
        "x64"
      ],
      "dev": true,
      "license": "Apache-2.0",
      "optional": true,
      "os": [
        "linux"
      ],
      "engines": {
        "node": ">=16"
      }
    },
    "node_modules/@openai/codex-win32-arm64": {
      "name": "@openai/codex",
      "version": "0.136.0-win32-arm64",
      "resolved": "https://registry.npmjs.org/@openai/codex/-/codex-0.136.0-win32-arm64.tgz",
      "integrity": "sha512-mAHZXfygQxBg1JjZ9+bAZfBXe6fg8MabJhuDYhj5z0VF++orKSFsC1lMiv6PksQN36ikQefgVjc9EOlaE4lt7g==",
      "cpu": [
        "arm64"
      ],
      "dev": true,
      "license": "Apache-2.0",
      "optional": true,
      "os": [
        "win32"
      ],
      "engines": {
        "node": ">=16"
      }
    },
    "node_modules/@openai/codex-win32-x64": {
      "name": "@openai/codex",
      "version": "0.136.0-win32-x64",
      "resolved": "https://registry.npmjs.org/@openai/codex/-/codex-0.136.0-win32-x64.tgz",
      "integrity": "sha512-zS6DAmvjdWeAB1CL9KTUMkwzTwfXtxHy8GAtePw2a93jIqawoG07fBxAXuyoHZ3QXQkwEgqBx1zEEh33gdIKAw==",
      "cpu": [
        "x64"
      ],
      "dev": true,
      "license": "Apache-2.0",
      "optional": true,
      "os": [
        "win32"
      ],
      "engines": {
        "node": ">=16"
      }
    },
    "node_modules/node-addon-api": {
      "version": "8.7.0",
      "resolved": "https://registry.npmjs.org/node-addon-api/-/node-addon-api-8.7.0.tgz",
      "integrity": "sha512-9MdFxmkKaOYVTV+XVRG8ArDwwQ77XIgIPyKASB1k3JPq3M8fGQQQE3YpMOrKm6g//Ktx8ivZr8xo1Qmtqub+GA==",
      "dev": true,
      "license": "MIT",
      "optional": true,
      "engines": {
        "node": "^18 || ^20 || >= 21"
      }
    },
    "node_modules/node-pty": {
      "version": "1.1.0",
      "resolved": "https://registry.npmjs.org/node-pty/-/node-pty-1.1.0.tgz",
      "integrity": "sha512-20JqtutY6JPXTUnL0ij1uad7Qe1baT46lyolh2sSENDd4sTzKZ4nmAFkeAARDKwmlLjPx6XKRlwRUxwjOy+lUg==",
      "dev": true,
      "hasInstallScript": true,
      "license": "MIT",
      "optional": true,
      "dependencies": {
        "node-addon-api": "^7.1.0"
      }
    },
    "node_modules/node-pty/node_modules/node-addon-api": {
      "version": "7.1.1",
      "resolved": "https://registry.npmjs.org/node-addon-api/-/node-addon-api-7.1.1.tgz",
      "integrity": "sha512-5m3bsyrjFWE1xf7nz7YXdN4udnVtXK6/Yfgn5qnahL6bCkf2yKt4k3nuTKAtT4r3IG8JNR2ncsIMdZuAzJjHQQ==",
      "dev": true,
      "license": "MIT",
      "optional": true
    }
  }
}
